
Microsoft Visual Studio Solution File, Format Version 12.00
# Visual Studio Version 17
VisualStudioVersion = 17.14.36623.8 d17.14
MinimumVisualStudioVersion = 10.0.40219.1
Project("{FAE04EC0-301F-11D3-BF4B-00C04F79EFBC}") = "ConsoleApp11", "ConsoleApp11\ConsoleApp11.csproj", "{1FF23F8D-231A-49DB-A5F5-629BD93699CC}"
EndProject
Global
	GlobalSection(SolutionConfigurationPlatforms) = preSolution
		Debug|Any CPU = Debug|Any CPU
		Release|Any CPU = Release|Any CPU
	EndGlobalSection
	GlobalSection(ProjectConfigurationPlatforms) = postSolution
		{1FF23F8D-231A-49DB-A5F5-629BD93699CC}.Debug|Any CPU.ActiveCfg = Debug|Any CPU
		{1FF23F8D-231A-49DB-A5F5-629BD93699CC}.Debug|Any CPU.Build.0 = Debug|Any CPU
		{1FF23F8D-231A-49DB-A5F5-629BD93699CC}.Release|Any CPU.ActiveCfg = Release|Any CPU
		{1FF23F8D-231A-49DB-A5F5-629BD93699CC}.Release|Any CPU.Build.0 = Release|Any CPU
	EndGlobalSection
	GlobalSection(SolutionProperties) = preSolution
		HideSolutionNode = FALSE
	EndGlobalSection
	GlobalSection(ExtensibilityGlobals) = postSolution
		SolutionGuid = {3A84DA92-D8AE-4887-A126-8DD267CC1146}
	EndGlobalSection
EndGlobal
